
Microsoft Visual Studio Solution File, Format Version 12.00
# Visual Studio Version 16
VisualStudioVersion = 16.0.32106.194
MinimumVisualStudioVersion = 10.0.40219.1
Project("{FAE04EC0-301F-11D3-BF4B-00C04F79EFBC}") = "WindowsKeyExtractor", "WindowsKeyExtractor.csproj", "{EDBA01BD-C4C4-4DFD-9E3F-488B4F951A97}"
EndProject
Global
	GlobalSection(SolutionConfigurationPlatforms) = preSolution
		Debug|Any CPU = Debug|Any CPU
		Release|Any CPU = Release|Any CPU
	EndGlobalSection
	GlobalSection(ProjectConfigurationPlatforms) = postSolution
		{EDBA01BD-C4C4-4DFD-9E3F-488B4F951A97}.Debug|Any CPU.ActiveCfg = Debug|Any CPU
		{EDBA01BD-C4C4-4DFD-9E3F-488B4F951A97}.Debug|Any CPU.Build.0 = Debug|Any CPU
		{EDBA01BD-C4C4-4DFD-9E3F-488B4F951A97}.Release|Any CPU.ActiveCfg = Release|Any CPU
		{EDBA01BD-C4C4-4DFD-9E3F-488B4F951A97}.Release|Any CPU.Build.0 = Release|Any CPU
	EndGlobalSection
	GlobalSection(SolutionProperties) = preSolution
		HideSolutionNode = FALSE
	EndGlobalSection
	GlobalSection(ExtensibilityGlobals) = postSolution
		SolutionGuid = {2A795289-48AC-4495-B301-33655D869E6A}
	EndGlobalSection
EndGlobal
